
Microsoft Visual Studio Solution File, Format Version 12.00
# Visual Studio Version 16
VisualStudioVersion = 16.0.31410.357
MinimumVisualStudioVersion = 10.0.40219.1
Project("{2150E333-8FDC-42A3-9474-1A3956D46DE8}") = "0. Solution Items", "0. Solution Items", "{E768EA23-F03F-4B25-BE55-D150E7996A10}"
	ProjectSection(SolutionItems) = preProject
		.gitignore = .gitignore
		README.md = README.md
	EndProjectSection
EndProject
Project("{2150E333-8FDC-42A3-9474-1A3956D46DE8}") = "1. Presentation Layer", "1. Presentation Layer", "{A68AA9BD-1A00-4E73-9663-FCBBF6667020}"
EndProject
Project("{2150E333-8FDC-42A3-9474-1A3956D46DE8}") = "2. Service Layer", "2. Service Layer", "{51C002B0-D7B0-4E50-BD18-947EE3090039}"
EndProject
Project("{2150E333-8FDC-42A3-9474-1A3956D46DE8}") = "3. Persistence Layer", "3. Persistence Layer", "{27928320-2DF8-4485-8233-6854A8F1A173}"
EndProject
Project("{2150E333-8FDC-42A3-9474-1A3956D46DE8}") = "4. Domain Layer", "4. Domain Layer", "{2430CAEA-F69C-4F0E-A9FE-7C182E40061C}"
EndProject
Project("{2150E333-8FDC-42A3-9474-1A3956D46DE8}") = "5. Infrastructure Layer", "5. Infrastructure Layer", "{3C4DE20D-5AD7-44C8-8108-BB6C5590C8E3}"
EndProject
Project("{2150E333-8FDC-42A3-9474-1A3956D46DE8}") = "1.1 Controls", "1.1 Controls", "{87EF2EA3-2952-49E8-9315-89F75050DFC6}"
EndProject
Project("{2150E333-8FDC-42A3-9474-1A3956D46DE8}") = "1.2 Modules", "1.2 Modules", "{FDFF27AC-D2D1-44A6-8835-A02CE1BB5FF9}"
EndProject
Project("{2150E333-8FDC-42A3-9474-1A3956D46DE8}") = "1.3 Addons", "1.3 Addons", "{6E640164-B9E3-41EE-B245-482C81DB2295}"
EndProject
Project("{FAE04EC0-301F-11D3-BF4B-00C04F79EFBC}") = "SamplePrism.Controls", "SamplePrism.Controls\SamplePrism.Controls.csproj", "{DD03EF96-0853-45B8-85FD-5B1955CC7A5D}"
EndProject
Project("{FAE04EC0-301F-11D3-BF4B-00C04F79EFBC}") = "SamplePrism.Presentation", "SamplePrism.Presentation\SamplePrism.Presentation.csproj", "{A21068CA-D5DF-40F5-98CB-F313868A3D7C}"
EndProject
Project("{FAE04EC0-301F-11D3-BF4B-00C04F79EFBC}") = "SamplePrism.Presentation.Common", "SamplePrism.Presentation.Common\SamplePrism.Presentation.Common.csproj", "{090722A3-2296-4AC5-A892-A037BA1E3734}"
EndProject
Project("{FAE04EC0-301F-11D3-BF4B-00C04F79EFBC}") = "SamplePrism.Presentation.Services", "SamplePrism.Presentation.Services\SamplePrism.Presentation.Services.csproj", "{8E4554A9-6676-439F-87EC-99F8B6C5394F}"
EndProject
Project("{FAE04EC0-301F-11D3-BF4B-00C04F79EFBC}") = "SamplePrism.Services", "SamplePrism.Services\SamplePrism.Services.csproj", "{D3BA4990-61CC-4DFD-BF3A-CD8B673CCC13}"
EndProject
Project("{FAE04EC0-301F-11D3-BF4B-00C04F79EFBC}") = "SamplePrism.Persistance", "SamplePrism.Persistance\SamplePrism.Persistance.csproj", "{7F49A8D3-B5D3-406A-8A70-B1F610E57A0E}"
EndProject
Project("{FAE04EC0-301F-11D3-BF4B-00C04F79EFBC}") = "SamplePrism.Domain", "SamplePrism.Domain\SamplePrism.Domain.csproj", "{DDF39B0E-06A4-44FB-8CBA-762C9FF8B4DD}"
EndProject
Project("{FAE04EC0-301F-11D3-BF4B-00C04F79EFBC}") = "SamplePrism.Modules.ManagementModule", "SamplePrism.Modules.ManagementModule\SamplePrism.Modules.ManagementModule.csproj", "{144A5C13-8CB9-4C33-AFD2-8E8822CB1C41}"
EndProject
Project("{FAE04EC0-301F-11D3-BF4B-00C04F79EFBC}") = "SamplePrism.Modules.SettingModule", "SamplePrism.Modules.SettingModule\SamplePrism.Modules.SettingModule.csproj", "{CFC6E1FD-4BFB-40AE-8E61-54F182981035}"
EndProject
Project("{FAE04EC0-301F-11D3-BF4B-00C04F79EFBC}") = "SamplePrism.Modules.UserModule", "SamplePrism.Modules.UserModule\SamplePrism.Modules.UserModule.csproj", "{A5FE2657-E1FD-418B-BE8A-B4C11725DA7F}"
EndProject
Project("{FAE04EC0-301F-11D3-BF4B-00C04F79EFBC}") = "SamplePrism.Modules.NavigationModule", "SamplePrism.Modules.NavigationModule\SamplePrism.Modules.NavigationModule.csproj", "{D7A96AC9-6256-4A70-846E-629934FC08A1}"
EndProject
Project("{FAE04EC0-301F-11D3-BF4B-00C04F79EFBC}") = "SamplePrism.Localization", "SamplePrism.Localization\SamplePrism.Localization.csproj", "{F214A5E2-8782-420A-81A6-DC082C1C2E93}"
EndProject
Project("{FAE04EC0-301F-11D3-BF4B-00C04F79EFBC}") = "SamplePrism.Infrastructure.Data", "SamplePrism.Infrastructure.Data\SamplePrism.Infrastructure.Data.csproj", "{2FDF3248-E800-4ADC-92EA-09A9837694F7}"
EndProject
Project("{FAE04EC0-301F-11D3-BF4B-00C04F79EFBC}") = "SamplePrism.Infrastructure", "SamplePrism.Infrastructure\SamplePrism.Infrastructure.csproj", "{71128390-CB78-4362-8E9F-962E6A5195C2}"
EndProject
Project("{FAE04EC0-301F-11D3-BF4B-00C04F79EFBC}") = "FastButton", "FastButton\FastButton.csproj", "{7519CB8C-3C25-4F74-8946-93ECB7450C31}"
EndProject
Project("{FAE04EC0-301F-11D3-BF4B-00C04F79EFBC}") = "SamplePrism.Modules.SignInModule", "SamplePrism.Modules.SignInModule\SamplePrism.Modules.SignInModule.csproj", "{534CEC53-1EBC-4386-95E3-0E451FCB388A}"
EndProject
Project("{FAE04EC0-301F-11D3-BF4B-00C04F79EFBC}") = "FlexButton", "FlexButton\FlexButton.csproj", "{434D497A-D439-44C8-84A5-5301B572708F}"
EndProject
Project("{FAE04EC0-301F-11D3-BF4B-00C04F79EFBC}") = "DataGridFilterLibrary", "DataGridFilterLibrary\DataGridFilterLibrary.csproj", "{512FD53F-9AD1-46A1-A961-9FABDFAD50C5}"
EndProject
Global
	GlobalSection(SolutionConfigurationPlatforms) = preSolution
		Debug|Any CPU = Debug|Any CPU
		Release|Any CPU = Release|Any CPU
	EndGlobalSection
	GlobalSection(ProjectConfigurationPlatforms) = postSolution
		{DD03EF96-0853-45B8-85FD-5B1955CC7A5D}.Debug|Any CPU.ActiveCfg = Debug|Any CPU
		{DD03EF96-0853-45B8-85FD-5B1955CC7A5D}.Debug|Any CPU.Build.0 = Debug|Any CPU
		{DD03EF96-0853-45B8-85FD-5B1955CC7A5D}.Release|Any CPU.ActiveCfg = Release|Any CPU
		{DD03EF96-0853-45B8-85FD-5B1955CC7A5D}.Release|Any CPU.Build.0 = Release|Any CPU
		{A21068CA-D5DF-40F5-98CB-F313868A3D7C}.Debug|Any CPU.ActiveCfg = Debug|Any CPU
		{A21068CA-D5DF-40F5-98CB-F313868A3D7C}.Debug|Any CPU.Build.0 = Debug|Any CPU
		{A21068CA-D5DF-40F5-98CB-F313868A3D7C}.Release|Any CPU.ActiveCfg = Release|Any CPU
		{A21068CA-D5DF-40F5-98CB-F313868A3D7C}.Release|Any CPU.Build.0 = Release|Any CPU
		{090722A3-2296-4AC5-A892-A037BA1E3734}.Debug|Any CPU.ActiveCfg = Debug|Any CPU
		{090722A3-2296-4AC5-A892-A037BA1E3734}.Debug|Any CPU.Build.0 = Debug|Any CPU
		{090722A3-2296-4AC5-A892-A037BA1E3734}.Release|Any CPU.ActiveCfg = Release|Any CPU
		{090722A3-2296-4AC5-A892-A037BA1E3734}.Release|Any CPU.Build.0 = Release|Any CPU
		{8E4554A9-6676-439F-87EC-99F8B6C5394F}.Debug|Any CPU.ActiveCfg = Debug|Any CPU
		{8E4554A9-6676-439F-87EC-99F8B6C5394F}.Debug|Any CPU.Build.0 = Debug|Any CPU
		{8E4554A9-6676-439F-87EC-99F8B6C5394F}.Release|Any CPU.ActiveCfg = Release|Any CPU
		{8E4554A9-6676-439F-87EC-99F8B6C5394F}.Release|Any CPU.Build.0 = Release|Any CPU
		{D3BA4990-61CC-4DFD-BF3A-CD8B673CCC13}.Debug|Any CPU.ActiveCfg = Debug|Any CPU
		{D3BA4990-61CC-4DFD-BF3A-CD8B673CCC13}.Debug|Any CPU.Build.0 = Debug|Any CPU
		{D3BA4990-61CC-4DFD-BF3A-CD8B673CCC13}.Release|Any CPU.ActiveCfg = Release|Any CPU
		{D3BA4990-61CC-4DFD-BF3A-CD8B673CCC13}.Release|Any CPU.Build.0 = Release|Any CPU
		{7F49A8D3-B5D3-406A-8A70-B1F610E57A0E}.Debug|Any CPU.ActiveCfg = Debug|Any CPU
		{7F49A8D3-B5D3-406A-8A70-B1F610E57A0E}.Debug|Any CPU.Build.0 = Debug|Any CPU
		{7F49A8D3-B5D3-406A-8A70-B1F610E57A0E}.Release|Any CPU.ActiveCfg = Release|Any CPU
		{7F49A8D3-B5D3-406A-8A70-B1F610E57A0E}.Release|Any CPU.Build.0 = Release|Any CPU
		{DDF39B0E-06A4-44FB-8CBA-762C9FF8B4DD}.Debug|Any CPU.ActiveCfg = Debug|Any CPU
		{DDF39B0E-06A4-44FB-8CBA-762C9FF8B4DD}.Debug|Any CPU.Build.0 = Debug|Any CPU
		{DDF39B0E-06A4-44FB-8CBA-762C9FF8B4DD}.Release|Any CPU.ActiveCfg = Release|Any CPU
		{DDF39B0E-06A4-44FB-8CBA-762C9FF8B4DD}.Release|Any CPU.Build.0 = Release|Any CPU
		{144A5C13-8CB9-4C33-AFD2-8E8822CB1C41}.Debug|Any CPU.ActiveCfg = Debug|Any CPU
		{144A5C13-8CB9-4C33-AFD2-8E8822CB1C41}.Debug|Any CPU.Build.0 = Debug|Any CPU
		{144A5C13-8CB9-4C33-AFD2-8E8822CB1C41}.Release|Any CPU.ActiveCfg = Release|Any CPU
		{144A5C13-8CB9-4C33-AFD2-8E8822CB1C41}.Release|Any CPU.Build.0 = Release|Any CPU
		{CFC6E1FD-4BFB-40AE-8E61-54F182981035}.Debug|Any CPU.ActiveCfg = Debug|Any CPU
		{CFC6E1FD-4BFB-40AE-8E61-54F182981035}.Debug|Any CPU.Build.0 = Debug|Any CPU
		{CFC6E1FD-4BFB-40AE-8E61-54F182981035}.Release|Any CPU.ActiveCfg = Release|Any CPU
		{CFC6E1FD-4BFB-40AE-8E61-54F182981035}.Release|Any CPU.Build.0 = Release|Any CPU
		{A5FE2657-E1FD-418B-BE8A-B4C11725DA7F}.Debug|Any CPU.ActiveCfg = Debug|Any CPU
		{A5FE2657-E1FD-418B-BE8A-B4C11725DA7F}.Debug|Any CPU.Build.0 = Debug|Any CPU
		{A5FE2657-E1FD-418B-BE8A-B4C11725DA7F}.Release|Any CPU.ActiveCfg = Release|Any CPU
		{A5FE2657-E1FD-418B-BE8A-B4C11725DA7F}.Release|Any CPU.Build.0 = Release|Any CPU
		{D7A96AC9-6256-4A70-846E-629934FC08A1}.Debug|Any CPU.ActiveCfg = Debug|Any CPU
		{D7A96AC9-6256-4A70-846E-629934FC08A1}.Debug|Any CPU.Build.0 = Debug|Any CPU
		{D7A96AC9-6256-4A70-846E-629934FC08A1}.Release|Any CPU.ActiveCfg = Release|Any CPU
		{D7A96AC9-6256-4A70-846E-629934FC08A1}.Release|Any CPU.Build.0 = Release|Any CPU
		{F214A5E2-8782-420A-81A6-DC082C1C2E93}.Debug|Any CPU.ActiveCfg = Debug|Any CPU
		{F214A5E2-8782-420A-81A6-DC082C1C2E93}.Debug|Any CPU.Build.0 = Debug|Any CPU
		{F214A5E2-8782-420A-81A6-DC082C1C2E93}.Release|Any CPU.ActiveCfg = Release|Any CPU
		{F214A5E2-8782-420A-81A6-DC082C1C2E93}.Release|Any CPU.Build.0 = Release|Any CPU
		{2FDF3248-E800-4ADC-92EA-09A9837694F7}.Debug|Any CPU.ActiveCfg = Debug|Any CPU
		{2FDF3248-E800-4ADC-92EA-09A9837694F7}.Debug|Any CPU.Build.0 = Debug|Any CPU
		{2FDF3248-E800-4ADC-92EA-09A9837694F7}.Release|Any CPU.ActiveCfg = Release|Any CPU
		{2FDF3248-E800-4ADC-92EA-09A9837694F7}.Release|Any CPU.Build.0 = Release|Any CPU
		{71128390-CB78-4362-8E9F-962E6A5195C2}.Debug|Any CPU.ActiveCfg = Debug|Any CPU
		{71128390-CB78-4362-8E9F-962E6A5195C2}.Debug|Any CPU.Build.0 = Debug|Any CPU
		{71128390-CB78-4362-8E9F-962E6A5195C2}.Release|Any CPU.ActiveCfg = Release|Any CPU
		{71128390-CB78-4362-8E9F-962E6A5195C2}.Release|Any CPU.Build.0 = Release|Any CPU
		{7519CB8C-3C25-4F74-8946-93ECB7450C31}.Debug|Any CPU.ActiveCfg = Debug|Any CPU
		{7519CB8C-3C25-4F74-8946-93ECB7450C31}.Debug|Any CPU.Build.0 = Debug|Any CPU
		{7519CB8C-3C25-4F74-8946-93ECB7450C31}.Release|Any CPU.ActiveCfg = Release|Any CPU
		{7519CB8C-3C25-4F74-8946-93ECB7450C31}.Release|Any CPU.Build.0 = Release|Any CPU
		{534CEC53-1EBC-4386-95E3-0E451FCB388A}.Debug|Any CPU.ActiveCfg = Debug|Any CPU
		{534CEC53-1EBC-4386-95E3-0E451FCB388A}.Debug|Any CPU.Build.0 = Debug|Any CPU
		{534CEC53-1EBC-4386-95E3-0E451FCB388A}.Release|Any CPU.ActiveCfg = Release|Any CPU
		{534CEC53-1EBC-4386-95E3-0E451FCB388A}.Release|Any CPU.Build.0 = Release|Any CPU
		{434D497A-D439-44C8-84A5-5301B572708F}.Debug|Any CPU.ActiveCfg = Debug|Any CPU
		{434D497A-D439-44C8-84A5-5301B572708F}.Debug|Any CPU.Build.0 = Debug|Any CPU
		{434D497A-D439-44C8-84A5-5301B572708F}.Release|Any CPU.ActiveCfg = Release|Any CPU
		{434D497A-D439-44C8-84A5-5301B572708F}.Release|Any CPU.Build.0 = Release|Any CPU
		{512FD53F-9AD1-46A1-A961-9FABDFAD50C5}.Debug|Any CPU.ActiveCfg = Debug|Any CPU
		{512FD53F-9AD1-46A1-A961-9FABDFAD50C5}.Debug|Any CPU.Build.0 = Debug|Any CPU
		{512FD53F-9AD1-46A1-A961-9FABDFAD50C5}.Release|Any CPU.ActiveCfg = Release|Any CPU
		{512FD53F-9AD1-46A1-A961-9FABDFAD50C5}.Release|Any CPU.Build.0 = Release|Any CPU
	EndGlobalSection
	GlobalSection(SolutionProperties) = preSolution
		HideSolutionNode = FALSE
	EndGlobalSection
	GlobalSection(NestedProjects) = preSolution
		{87EF2EA3-2952-49E8-9315-89F75050DFC6} = {A68AA9BD-1A00-4E73-9663-FCBBF6667020}
		{FDFF27AC-D2D1-44A6-8835-A02CE1BB5FF9} = {A68AA9BD-1A00-4E73-9663-FCBBF6667020}
		{6E640164-B9E3-41EE-B245-482C81DB2295} = {A68AA9BD-1A00-4E73-9663-FCBBF6667020}
		{DD03EF96-0853-45B8-85FD-5B1955CC7A5D} = {87EF2EA3-2952-49E8-9315-89F75050DFC6}
		{A21068CA-D5DF-40F5-98CB-F313868A3D7C} = {A68AA9BD-1A00-4E73-9663-FCBBF6667020}
		{090722A3-2296-4AC5-A892-A037BA1E3734} = {A68AA9BD-1A00-4E73-9663-FCBBF6667020}
		{8E4554A9-6676-439F-87EC-99F8B6C5394F} = {A68AA9BD-1A00-4E73-9663-FCBBF6667020}
		{D3BA4990-61CC-4DFD-BF3A-CD8B673CCC13} = {51C002B0-D7B0-4E50-BD18-947EE3090039}
		{7F49A8D3-B5D3-406A-8A70-B1F610E57A0E} = {27928320-2DF8-4485-8233-6854A8F1A173}
		{DDF39B0E-06A4-44FB-8CBA-762C9FF8B4DD} = {2430CAEA-F69C-4F0E-A9FE-7C182E40061C}
		{144A5C13-8CB9-4C33-AFD2-8E8822CB1C41} = {FDFF27AC-D2D1-44A6-8835-A02CE1BB5FF9}
		{CFC6E1FD-4BFB-40AE-8E61-54F182981035} = {FDFF27AC-D2D1-44A6-8835-A02CE1BB5FF9}
		{A5FE2657-E1FD-418B-BE8A-B4C11725DA7F} = {FDFF27AC-D2D1-44A6-8835-A02CE1BB5FF9}
		{D7A96AC9-6256-4A70-846E-629934FC08A1} = {FDFF27AC-D2D1-44A6-8835-A02CE1BB5FF9}
		{F214A5E2-8782-420A-81A6-DC082C1C2E93} = {3C4DE20D-5AD7-44C8-8108-BB6C5590C8E3}
		{2FDF3248-E800-4ADC-92EA-09A9837694F7} = {3C4DE20D-5AD7-44C8-8108-BB6C5590C8E3}
		{71128390-CB78-4362-8E9F-962E6A5195C2} = {3C4DE20D-5AD7-44C8-8108-BB6C5590C8E3}
		{7519CB8C-3C25-4F74-8946-93ECB7450C31} = {87EF2EA3-2952-49E8-9315-89F75050DFC6}
		{534CEC53-1EBC-4386-95E3-0E451FCB388A} = {FDFF27AC-D2D1-44A6-8835-A02CE1BB5FF9}
		{434D497A-D439-44C8-84A5-5301B572708F} = {87EF2EA3-2952-49E8-9315-89F75050DFC6}
		{512FD53F-9AD1-46A1-A961-9FABDFAD50C5} = {87EF2EA3-2952-49E8-9315-89F75050DFC6}
	EndGlobalSection
	GlobalSection(ExtensibilityGlobals) = postSolution
		SolutionGuid = {80306DEF-5648-49D9-BAC4-67D5640B971B}
	EndGlobalSection
EndGlobal
